// !$*UTF8*$!
{
	archiveVersion = 1;
	classes = {
	};
	objectVersion = 77;
	objects = {

/* Begin PBXBuildFile section */
		22CEF4B82C969B80001E83AD /* WidgetKit.framework in Frameworks */ = {isa = PBXBuildFile; fileRef = 22CEF4B72C969B80001E83AD /* WidgetKit.framework */; };
		22CEF4BA2C969B80001E83AD /* SwiftUI.framework in Frameworks */ = {isa = PBXBuildFile; fileRef = 22CEF4B92C969B80001E83AD /* SwiftUI.framework */; };
		22CEF4C92C969B82001E83AD /* Just Weather Open ControlExtension.appex in Embed Foundation Extensions */ = {isa = PBXBuildFile; fileRef = 22CEF4B52C969B80001E83AD /* Just Weather Open ControlExtension.appex */; settings = {ATTRIBUTES = (RemoveHeadersOnCopy, ); }; };
		22EECEFB2F9059E8004726D7 /* RevenueCat in Frameworks */ = {isa = PBXBuildFile; productRef = 22EECEFA2F9059E8004726D7 /* RevenueCat */; };
		22EECEFD2F9059E8004726D7 /* RevenueCatUI in Frameworks */ = {isa = PBXBuildFile; productRef = 22EECEFC2F9059E8004726D7 /* RevenueCatUI */; };
/* End PBXBuildFile section */

/* Begin PBXContainerItemProxy section */
		222F21D12C76B207003D0F1E /* PBXContainerItemProxy */ = {
			isa = PBXContainerItemProxy;
			containerPortal = 222F21B82C76B206003D0F1E /* Project object */;
			proxyType = 1;
			remoteGlobalIDString = 222F21BF2C76B206003D0F1E;
			remoteInfo = "Just Weather";
		};
		222F21DB2C76B207003D0F1E /* PBXContainerItemProxy */ = {
			isa = PBXContainerItemProxy;
			containerPortal = 222F21B82C76B206003D0F1E /* Project object */;
			proxyType = 1;
			remoteGlobalIDString = 222F21BF2C76B206003D0F1E;
			remoteInfo = "Just Weather";
		};
		22CEF4C72C969B82001E83AD /* PBXContainerItemProxy */ = {
			isa = PBXContainerItemProxy;
			containerPortal = 222F21B82C76B206003D0F1E /* Project object */;
			proxyType = 1;
			remoteGlobalIDString = 22CEF4B42C969B80001E83AD;
			remoteInfo = "Just Weather Open ControlExtension";
		};
/* End PBXContainerItemProxy section */

/* Begin PBXCopyFilesBuildPhase section */
		22CEF4A92C968551001E83AD /* Embed Foundation Extensions */ = {
			isa = PBXCopyFilesBuildPhase;
			buildActionMask = 2147483647;
			dstPath = "";
			dstSubfolderSpec = 13;
			files = (
				22CEF4C92C969B82001E83AD /* Just Weather Open ControlExtension.appex in Embed Foundation Extensions */,
			);
			name = "Embed Foundation Extensions";
			runOnlyForDeploymentPostprocessing = 0;
		};
/* End PBXCopyFilesBuildPhase section */

/* Begin PBXFileReference section */
		222F21C02C76B206003D0F1E /* Just Weather.app */ = {isa = PBXFileReference; explicitFileType = wrapper.application; includeInIndex = 0; path = "Just Weather.app"; sourceTree = BUILT_PRODUCTS_DIR; };
		222F21D02C76B207003D0F1E /* Just WeatherTests.xctest */ = {isa = PBXFileReference; explicitFileType = wrapper.cfbundle; includeInIndex = 0; path = "Just WeatherTests.xctest"; sourceTree = BUILT_PRODUCTS_DIR; };
		222F21DA2C76B207003D0F1E /* Just WeatherUITests.xctest */ = {isa = PBXFileReference; explicitFileType = wrapper.cfbundle; includeInIndex = 0; path = "Just WeatherUITests.xctest"; sourceTree = BUILT_PRODUCTS_DIR; };
		22CEF4B52C969B80001E83AD /* Just Weather Open ControlExtension.appex */ = {isa = PBXFileReference; explicitFileType = "wrapper.app-extension"; includeInIndex = 0; path = "Just Weather Open ControlExtension.appex"; sourceTree = BUILT_PRODUCTS_DIR; };
		22CEF4B72C969B80001E83AD /* WidgetKit.framework */ = {isa = PBXFileReference; lastKnownFileType = wrapper.framework; name = WidgetKit.framework; path = System/Library/Frameworks/WidgetKit.framework; sourceTree = SDKROOT; };
		22CEF4B92C969B80001E83AD /* SwiftUI.framework */ = {isa = PBXFileReference; lastKnownFileType = wrapper.framework; name = SwiftUI.framework; path = System/Library/Frameworks/SwiftUI.framework; sourceTree = SDKROOT; };
/* End PBXFileReference section */

/* Begin PBXFileSystemSynchronizedBuildFileExceptionSet section */
		2231E94B2C969D3C00FD0972 /* Exceptions for "Just Weather Open Control" folder in "Just Weather" target */ = {
			isa = PBXFileSystemSynchronizedBuildFileExceptionSet;
			membershipExceptions = (
				Just_Weather_Open_ControlControl.swift,
			);
			target = 222F21BF2C76B206003D0F1E /* Just Weather */;
		};
		22CEF4CA2C969B82001E83AD /* Exceptions for "Just Weather Open Control" folder in "Just Weather Open ControlExtension" target */ = {
			isa = PBXFileSystemSynchronizedBuildFileExceptionSet;
			membershipExceptions = (
				Info.plist,
			);
			target = 22CEF4B42C969B80001E83AD /* Just Weather Open ControlExtension */;
		};
/* End PBXFileSystemSynchronizedBuildFileExceptionSet section */

/* Begin PBXFileSystemSynchronizedRootGroup section */
		222F21C22C76B206003D0F1E /* Just Weather */ = {
			isa = PBXFileSystemSynchronizedRootGroup;
			path = "Just Weather";
			sourceTree = "<group>";
		};
		222F21D32C76B207003D0F1E /* Just WeatherTests */ = {
			isa = PBXFileSystemSynchronizedRootGroup;
			path = "Just WeatherTests";
			sourceTree = "<group>";
		};
		222F21DD2C76B207003D0F1E /* Just WeatherUITests */ = {
			isa = PBXFileSystemSynchronizedRootGroup;
			path = "Just WeatherUITests";
			sourceTree = "<group>";
		};
		22CEF4BB2C969B80001E83AD /* Just Weather Open Control */ = {
			isa = PBXFileSystemSynchronizedRootGroup;
			exceptions = (
				2231E94B2C969D3C00FD0972 /* Exceptions for "Just Weather Open Control" folder in "Just Weather" target */,
				22CEF4CA2C969B82001E83AD /* Exceptions for "Just Weather Open Control" folder in "Just Weather Open ControlExtension" target */,
			);
			path = "Just Weather Open Control";
			sourceTree = "<group>";
		};
/* End PBXFileSystemSynchronizedRootGroup section */

/* Begin PBXFrameworksBuildPhase section */
		222F21BD2C76B206003D0F1E /* Frameworks */ = {
			isa = PBXFrameworksBuildPhase;
			buildActionMask = 2147483647;
			files = (
				22EECEFD2F9059E8004726D7 /* RevenueCatUI in Frameworks */,
				22EECEFB2F9059E8004726D7 /* RevenueCat in Frameworks */,
			);
			runOnlyForDeploymentPostprocessing = 0;
		};
		222F21CD2C76B207003D0F1E /* Frameworks */ = {
			isa = PBXFrameworksBuildPhase;
			buildActionMask = 2147483647;
			files = (
			);
			runOnlyForDeploymentPostprocessing = 0;
		};
		222F21D72C76B207003D0F1E /* Frameworks */ = {
			isa = PBXFrameworksBuildPhase;
			buildActionMask = 2147483647;
			files = (
			);
			runOnlyForDeploymentPostprocessing = 0;
		};
		22CEF4B22C969B80001E83AD /* Frameworks */ = {
			isa = PBXFrameworksBuildPhase;
			buildActionMask = 2147483647;
			files = (
				22CEF4BA2C969B80001E83AD /* SwiftUI.framework in Frameworks */,
				22CEF4B82C969B80001E83AD /* WidgetKit.framework in Frameworks */,
			);
			runOnlyForDeploymentPostprocessing = 0;
		};
/* End PBXFrameworksBuildPhase section */

/* Begin PBXGroup section */
		222F21B72C76B206003D0F1E = {
			isa = PBXGroup;
			children = (
				222F21C22C76B206003D0F1E /* Just Weather */,
				222F21D32C76B207003D0F1E /* Just WeatherTests */,
				222F21DD2C76B207003D0F1E /* Just WeatherUITests */,
				22CEF4BB2C969B80001E83AD /* Just Weather Open Control */,
				22CEF4B62C969B80001E83AD /* Frameworks */,
				222F21C12C76B206003D0F1E /* Products */,
			);
			sourceTree = "<group>";
		};
		222F21C12C76B206003D0F1E /* Products */ = {
			isa = PBXGroup;
			children = (
				222F21C02C76B206003D0F1E /* Just Weather.app */,
				222F21D02C76B207003D0F1E /* Just WeatherTests.xctest */,
				222F21DA2C76B207003D0F1E /* Just WeatherUITests.xctest */,
				22CEF4B52C969B80001E83AD /* Just Weather Open ControlExtension.appex */,
			);
			name = Products;
			sourceTree = "<group>";
		};
		22CEF4B62C969B80001E83AD /* Frameworks */ = {
			isa = PBXGroup;
			children = (
				22CEF4B72C969B80001E83AD /* WidgetKit.framework */,
				22CEF4B92C969B80001E83AD /* SwiftUI.framework */,
			);
			name = Frameworks;
			sourceTree = "<group>";
		};
/* End PBXGroup section */

/* Begin PBXNativeTarget section */
		222F21BF2C76B206003D0F1E /* Just Weather */ = {
			isa = PBXNativeTarget;
			buildConfigurationList = 222F21E42C76B207003D0F1E /* Build configuration list for PBXNativeTarget "Just Weather" */;
			buildPhases = (
				222F21BC2C76B206003D0F1E /* Sources */,
				222F21BD2C76B206003D0F1E /* Frameworks */,
				222F21BE2C76B206003D0F1E /* Resources */,
				22CEF4A92C968551001E83AD /* Embed Foundation Extensions */,
			);
			buildRules = (
			);
			dependencies = (
				22CEF4C82C969B82001E83AD /* PBXTargetDependency */,
			);
			fileSystemSynchronizedGroups = (
				222F21C22C76B206003D0F1E /* Just Weather */,
			);
			name = "Just Weather";
			packageProductDependencies = (
				22EECEFA2F9059E8004726D7 /* RevenueCat */,
				22EECEFC2F9059E8004726D7 /* RevenueCatUI */,
			);
			productName = "Just Weather";
			productReference = 222F21C02C76B206003D0F1E /* Just Weather.app */;
			productType = "com.apple.product-type.application";
		};
		222F21CF2C76B207003D0F1E /* Just WeatherTests */ = {
			isa = PBXNativeTarget;
			buildConfigurationList = 222F21E72C76B207003D0F1E /* Build configuration list for PBXNativeTarget "Just WeatherTests" */;
			buildPhases = (
				222F21CC2C76B207003D0F1E /* Sources */,
				222F21CD2C76B207003D0F1E /* Frameworks */,
				222F21CE2C76B207003D0F1E /* Resources */,
			);
			buildRules = (
			);
			dependencies = (
				222F21D22C76B207003D0F1E /* PBXTargetDependency */,
			);
			fileSystemSynchronizedGroups = (
				222F21D32C76B207003D0F1E /* Just WeatherTests */,
			);
			name = "Just WeatherTests";
			packageProductDependencies = (
			);
			productName = "Just WeatherTests";
			productReference = 222F21D02C76B207003D0F1E /* Just WeatherTests.xctest */;
			productType = "com.apple.product-type.bundle.unit-test";
		};
		222F21D92C76B207003D0F1E /* Just WeatherUITests */ = {
			isa = PBXNativeTarget;
			buildConfigurationList = 222F21EA2C76B207003D0F1E /* Build configuration list for PBXNativeTarget "Just WeatherUITests" */;
			buildPhases = (
				222F21D62C76B207003D0F1E /* Sources */,
				222F21D72C76B207003D0F1E /* Frameworks */,
				222F21D82C76B207003D0F1E /* Resources */,
			);
			buildRules = (
			);
			dependencies = (
				222F21DC2C76B207003D0F1E /* PBXTargetDependency */,
			);
			fileSystemSynchronizedGroups = (
				222F21DD2C76B207003D0F1E /* Just WeatherUITests */,
			);
			name = "Just WeatherUITests";
			packageProductDependencies = (
			);
			productName = "Just WeatherUITests";
			productReference = 222F21DA2C76B207003D0F1E /* Just WeatherUITests.xctest */;
			productType = "com.apple.product-type.bundle.ui-testing";
		};
		22CEF4B42C969B80001E83AD /* Just Weather Open ControlExtension */ = {
			isa = PBXNativeTarget;
			buildConfigurationList = 22CEF4CB2C969B82001E83AD /* Build configuration list for PBXNativeTarget "Just Weather Open ControlExtension" */;
			buildPhases = (
				22CEF4B12C969B80001E83AD /* Sources */,
				22CEF4B22C969B80001E83AD /* Frameworks */,
				22CEF4B32C969B80001E83AD /* Resources */,
			);
			buildRules = (
			);
			dependencies = (
			);
			fileSystemSynchronizedGroups = (
				22CEF4BB2C969B80001E83AD /* Just Weather Open Control */,
			);
			name = "Just Weather Open ControlExtension";
			packageProductDependencies = (
			);
			productName = "Just Weather Open ControlExtension";
			productReference = 22CEF4B52C969B80001E83AD /* Just Weather Open ControlExtension.appex */;
			productType = "com.apple.product-type.app-extension";
		};
/* End PBXNativeTarget section */

/* Begin PBXProject section */
		222F21B82C76B206003D0F1E /* Project object */ = {
			isa = PBXProject;
			attributes = {
				BuildIndependentTargetsInParallel = 1;
				LastSwiftUpdateCheck = 1610;
				LastUpgradeCheck = 2630;
				TargetAttributes = {
					222F21BF2C76B206003D0F1E = {
						CreatedOnToolsVersion = 16.1;
					};
					222F21CF2C76B207003D0F1E = {
						CreatedOnToolsVersion = 16.1;
						TestTargetID = 222F21BF2C76B206003D0F1E;
					};
					222F21D92C76B207003D0F1E = {
						CreatedOnToolsVersion = 16.1;
						TestTargetID = 222F21BF2C76B206003D0F1E;
					};
					22CEF4B42C969B80001E83AD = {
						CreatedOnToolsVersion = 16.1;
					};
				};
			};
			buildConfigurationList = 222F21BB2C76B206003D0F1E /* Build configuration list for PBXProject "Just Weather" */;
			developmentRegion = en;
			hasScannedForEncodings = 0;
			knownRegions = (
				en,
				Base,
			);
			mainGroup = 222F21B72C76B206003D0F1E;
			minimizedProjectReferenceProxies = 1;
			packageReferences = (
				22EECEF92F9059E8004726D7 /* XCRemoteSwiftPackageReference "purchases-ios-spm" */,
			);
			preferredProjectObjectVersion = 77;
			productRefGroup = 222F21C12C76B206003D0F1E /* Products */;
			projectDirPath = "";
			projectRoot = "";
			targets = (
				222F21BF2C76B206003D0F1E /* Just Weather */,
				222F21CF2C76B207003D0F1E /* Just WeatherTests */,
				222F21D92C76B207003D0F1E /* Just WeatherUITests */,
				22CEF4B42C969B80001E83AD /* Just Weather Open ControlExtension */,
			);
		};
/* End PBXProject section */

/* Begin PBXResourcesBuildPhase section */
		222F21BE2C76B206003D0F1E /* Resources */ = {
			isa = PBXResourcesBuildPhase;
			buildActionMask = 2147483647;
			files = (
			);
			runOnlyForDeploymentPostprocessing = 0;
		};
		222F21CE2C76B207003D0F1E /* Resources */ = {
			isa = PBXResourcesBuildPhase;
			buildActionMask = 2147483647;
			files = (
			);
			runOnlyForDeploymentPostprocessing = 0;
		};
		222F21D82C76B207003D0F1E /* Resources */ = {
			isa = PBXResourcesBuildPhase;
			buildActionMask = 2147483647;
			files = (
			);
			runOnlyForDeploymentPostprocessing = 0;
		};
		22CEF4B32C969B80001E83AD /* Resources */ = {
			isa = PBXResourcesBuildPhase;
			buildActionMask = 2147483647;
			files = (
			);
			runOnlyForDeploymentPostprocessing = 0;
		};
/* End PBXResourcesBuildPhase section */

/* Begin PBXSourcesBuildPhase section */
		222F21BC2C76B206003D0F1E /* Sources */ = {
			isa = PBXSourcesBuildPhase;
			buildActionMask = 2147483647;
			files = (
			);
			runOnlyForDeploymentPostprocessing = 0;
		};
		222F21CC2C76B207003D0F1E /* Sources */ = {
			isa = PBXSourcesBuildPhase;
			buildActionMask = 2147483647;
			files = (
			);
			runOnlyForDeploymentPostprocessing = 0;
		};
		222F21D62C76B207003D0F1E /* Sources */ = {
			isa = PBXSourcesBuildPhase;
			buildActionMask = 2147483647;
			files = (
			);
			runOnlyForDeploymentPostprocessing = 0;
		};
		22CEF4B12C969B80001E83AD /* Sources */ = {
			isa = PBXSourcesBuildPhase;
			buildActionMask = 2147483647;
			files = (
			);
			runOnlyForDeploymentPostprocessing = 0;
		};
/* End PBXSourcesBuildPhase section */

/* Begin PBXTargetDependency section */
		222F21D22C76B207003D0F1E /* PBXTargetDependency */ = {
			isa = PBXTargetDependency;
			target = 222F21BF2C76B206003D0F1E /* Just Weather */;
			targetProxy = 222F21D12C76B207003D0F1E /* PBXContainerItemProxy */;
		};
		222F21DC2C76B207003D0F1E /* PBXTargetDependency */ = {
			isa = PBXTargetDependency;
			target = 222F21BF2C76B206003D0F1E /* Just Weather */;
			targetProxy = 222F21DB2C76B207003D0F1E /* PBXContainerItemProxy */;
		};
		22CEF4C82C969B82001E83AD /* PBXTargetDependency */ = {
			isa = PBXTargetDependency;
			target = 22CEF4B42C969B80001E83AD /* Just Weather Open ControlExtension */;
			targetProxy = 22CEF4C72C969B82001E83AD /* PBXContainerItemProxy */;
		};
/* End PBXTargetDependency section */

/* Begin XCBuildConfiguration section */
		222F21E22C76B207003D0F1E /* Debug */ = {
			isa = XCBuildConfiguration;
			buildSettings = {
				ALWAYS_SEARCH_USER_PATHS = NO;
				ASSETCATALOG_COMPILER_GENERATE_SWIFT_ASSET_SYMBOL_EXTENSIONS = YES;
				CLANG_ANALYZER_NONNULL = YES;
				CLANG_ANALYZER_NUMBER_OBJECT_CONVERSION = YES_AGGRESSIVE;
				CLANG_CXX_LANGUAGE_STANDARD = "gnu++20";
				CLANG_ENABLE_MODULES = YES;
				CLANG_ENABLE_OBJC_ARC = YES;
				CLANG_ENABLE_OBJC_WEAK = YES;
				CLANG_WARN_BLOCK_CAPTURE_AUTORELEASING = YES;
				CLANG_WARN_BOOL_CONVERSION = YES;
				CLANG_WARN_COMMA = YES;
				CLANG_WARN_CONSTANT_CONVERSION = YES;
				CLANG_WARN_DEPRECATED_OBJC_IMPLEMENTATIONS = YES;
				CLANG_WARN_DIRECT_OBJC_ISA_USAGE = YES_ERROR;
				CLANG_WARN_DOCUMENTATION_COMMENTS = YES;
				CLANG_WARN_EMPTY_BODY = YES;
				CLANG_WARN_ENUM_CONVERSION = YES;
				CLANG_WARN_INFINITE_RECURSION = YES;
				CLANG_WARN_INT_CONVERSION = YES;
				CLANG_WARN_NON_LITERAL_NULL_CONVERSION = YES;
				CLANG_WARN_OBJC_IMPLICIT_RETAIN_SELF = YES;
				CLANG_WARN_OBJC_LITERAL_CONVERSION = YES;
				CLANG_WARN_OBJC_ROOT_CLASS = YES_ERROR;
				CLANG_WARN_QUOTED_INCLUDE_IN_FRAMEWORK_HEADER = YES;
				CLANG_WARN_RANGE_LOOP_ANALYSIS = YES;
				CLANG_WARN_STRICT_PROTOTYPES = YES;
				CLANG_WARN_SUSPICIOUS_MOVE = YES;
				CLANG_WARN_UNGUARDED_AVAILABILITY = YES_AGGRESSIVE;
				CLANG_WARN_UNREACHABLE_CODE = YES;
				CLANG_WARN__DUPLICATE_METHOD_MATCH = YES;
				COPY_PHASE_STRIP = NO;
				DEBUG_INFORMATION_FORMAT = dwarf;
				DEVELOPMENT_TEAM = G39TU2R26A;
				ENABLE_STRICT_OBJC_MSGSEND = YES;
				ENABLE_TESTABILITY = YES;
				ENABLE_USER_SCRIPT_SANDBOXING = YES;
				GCC_C_LANGUAGE_STANDARD = gnu17;
				GCC_DYNAMIC_NO_PIC = NO;
				GCC_NO_COMMON_BLOCKS = YES;
				GCC_OPTIMIZATION_LEVEL = 0;
				GCC_PREPROCESSOR_DEFINITIONS = (
					"DEBUG=1",
					"$(inherited)",
				);
				GCC_WARN_64_TO_32_BIT_CONVERSION = YES;
				GCC_WARN_ABOUT_RETURN_TYPE = YES_ERROR;
				GCC_WARN_UNDECLARED_SELECTOR = YES;
				GCC_WARN_UNINITIALIZED_AUTOS = YES_AGGRESSIVE;
				GCC_WARN_UNUSED_FUNCTION = YES;
				GCC_WARN_UNUSED_VARIABLE = YES;
				IPHONEOS_DEPLOYMENT_TARGET = 18.1;
				LOCALIZATION_PREFERS_STRING_CATALOGS = YES;
				MTL_ENABLE_DEBUG_INFO = INCLUDE_SOURCE;
				MTL_FAST_MATH = YES;
				ONLY_ACTIVE_ARCH = YES;
				SDKROOT = iphoneos;
				STRING_CATALOG_GENERATE_SYMBOLS = YES;
				SWIFT_ACTIVE_COMPILATION_CONDITIONS = "DEBUG $(inherited)";
				SWIFT_OPTIMIZATION_LEVEL = "-Onone";
			};
			name = Debug;
		};
		222F21E32C76B207003D0F1E /* Release */ = {
			isa = XCBuildConfiguration;
			buildSettings = {
				ALWAYS_SEARCH_USER_PATHS = NO;
				ASSETCATALOG_COMPILER_GENERATE_SWIFT_ASSET_SYMBOL_EXTENSIONS = YES;
				CLANG_ANALYZER_NONNULL = YES;
				CLANG_ANALYZER_NUMBER_OBJECT_CONVERSION = YES_AGGRESSIVE;
				CLANG_CXX_LANGUAGE_STANDARD = "gnu++20";
				CLANG_ENABLE_MODULES = YES;
				CLANG_ENABLE_OBJC_ARC = YES;
				CLANG_ENABLE_OBJC_WEAK = YES;
				CLANG_WARN_BLOCK_CAPTURE_AUTORELEASING = YES;
				CLANG_WARN_BOOL_CONVERSION = YES;
				CLANG_WARN_COMMA = YES;
				CLANG_WARN_CONSTANT_CONVERSION = YES;
				CLANG_WARN_DEPRECATED_OBJC_IMPLEMENTATIONS = YES;
				CLANG_WARN_DIRECT_OBJC_ISA_USAGE = YES_ERROR;
				CLANG_WARN_DOCUMENTATION_COMMENTS = YES;
				CLANG_WARN_EMPTY_BODY = YES;
				CLANG_WARN_ENUM_CONVERSION = YES;
				CLANG_WARN_INFINITE_RECURSION = YES;
				CLANG_WARN_INT_CONVERSION = YES;
				CLANG_WARN_NON_LITERAL_NULL_CONVERSION = YES;
				CLANG_WARN_OBJC_IMPLICIT_RETAIN_SELF = YES;
				CLANG_WARN_OBJC_LITERAL_CONVERSION = YES;
				CLANG_WARN_OBJC_ROOT_CLASS = YES_ERROR;
				CLANG_WARN_QUOTED_INCLUDE_IN_FRAMEWORK_HEADER = YES;
				CLANG_WARN_RANGE_LOOP_ANALYSIS = YES;
				CLANG_WARN_STRICT_PROTOTYPES = YES;
				CLANG_WARN_SUSPICIOUS_MOVE = YES;
				CLANG_WARN_UNGUARDED_AVAILABILITY = YES_AGGRESSIVE;
				CLANG_WARN_UNREACHABLE_CODE = YES;
				CLANG_WARN__DUPLICATE_METHOD_MATCH = YES;
				COPY_PHASE_STRIP = NO;
				DEBUG_INFORMATION_FORMAT = "dwarf-with-dsym";
				DEVELOPMENT_TEAM = G39TU2R26A;
				ENABLE_NS_ASSERTIONS = NO;
				ENABLE_STRICT_OBJC_MSGSEND = YES;
				ENABLE_USER_SCRIPT_SANDBOXING = YES;
				GCC_C_LANGUAGE_STANDARD = gnu17;
				GCC_NO_COMMON_BLOCKS = YES;
				GCC_WARN_64_TO_32_BIT_CONVERSION = YES;
				GCC_WARN_ABOUT_RETURN_TYPE = YES_ERROR;
				GCC_WARN_UNDECLARED_SELECTOR = YES;
				GCC_WARN_UNINITIALIZED_AUTOS = YES_AGGRESSIVE;
				GCC_WARN_UNUSED_FUNCTION = YES;
				GCC_WARN_UNUSED_VARIABLE = YES;
				IPHONEOS_DEPLOYMENT_TARGET = 18.1;
				LOCALIZATION_PREFERS_STRING_CATALOGS = YES;
				MTL_ENABLE_DEBUG_INFO = NO;
				MTL_FAST_MATH = YES;
				SDKROOT = iphoneos;
				STRING_CATALOG_GENERATE_SYMBOLS = YES;
				SWIFT_COMPILATION_MODE = wholemodule;
				VALIDATE_PRODUCT = YES;
			};
			name = Release;
		};
		222F21E52C76B207003D0F1E /* Debug */ = {
			isa = XCBuildConfiguration;
			buildSettings = {
				ASSETCATALOG_COMPILER_APPICON_NAME = AppIcon;
				ASSETCATALOG_COMPILER_GLOBAL_ACCENT_COLOR_NAME = AccentColor;
				CODE_SIGN_ENTITLEMENTS = "Just Weather/Just Weather.entitlements";
				CODE_SIGN_STYLE = Automatic;
				CURRENT_PROJECT_VERSION = 17;
				DEVELOPMENT_ASSET_PATHS = "\"Just Weather/Preview Content\"";
				ENABLE_PREVIEWS = YES;
				GENERATE_INFOPLIST_FILE = YES;
				INFOPLIST_FILE = "Just-Weather-Info.plist";
				INFOPLIST_KEY_CFBundleDisplayName = "Just. Weather.";
				INFOPLIST_KEY_LSApplicationCategoryType = "public.app-category.weather";
				INFOPLIST_KEY_NSLocationAlwaysAndWhenInUseUsageDescription = "Just. Weather. can show weather data for your location in widgets";
				INFOPLIST_KEY_NSLocationWhenInUseUsageDescription = "We need your location to provide accurate weather data";
				INFOPLIST_KEY_UIApplicationSceneManifest_Generation = YES;
				INFOPLIST_KEY_UIApplicationSupportsIndirectInputEvents = YES;
				INFOPLIST_KEY_UILaunchScreen_Generation = YES;
				INFOPLIST_KEY_UISupportedInterfaceOrientations = UIInterfaceOrientationPortrait;
				INFOPLIST_KEY_UISupportedInterfaceOrientations_iPad = "UIInterfaceOrientationLandscapeLeft UIInterfaceOrientationLandscapeRight UIInterfaceOrientationPortrait UIInterfaceOrientationPortraitUpsideDown";
				IPHONEOS_DEPLOYMENT_TARGET = 16.0;
				LD_RUNPATH_SEARCH_PATHS = (
					"$(inherited)",
					"@executable_path/Frameworks",
				);
				MARKETING_VERSION = 1.0;
				PRODUCT_BUNDLE_IDENTIFIER = "com.sam-clemente.just-weather-app";
				PRODUCT_NAME = "$(TARGET_NAME)";
				SUPPORTED_PLATFORMS = "iphoneos iphonesimulator";
				SUPPORTS_MACCATALYST = NO;
				SUPPORTS_MAC_DESIGNED_FOR_IPHONE_IPAD = NO;
				SUPPORTS_XR_DESIGNED_FOR_IPHONE_IPAD = NO;
				SWIFT_EMIT_LOC_STRINGS = YES;
				SWIFT_VERSION = 5.0;
				TARGETED_DEVICE_FAMILY = 1;
			};
			name = Debug;
		};
		222F21E62C76B207003D0F1E /* Release */ = {
			isa = XCBuildConfiguration;
			buildSettings = {
				ASSETCATALOG_COMPILER_APPICON_NAME = AppIcon;
				ASSETCATALOG_COMPILER_GLOBAL_ACCENT_COLOR_NAME = AccentColor;
				CODE_SIGN_ENTITLEMENTS = "Just Weather/Just Weather.entitlements";
				CODE_SIGN_STYLE = Automatic;
				CURRENT_PROJECT_VERSION = 17;
				DEVELOPMENT_ASSET_PATHS = "\"Just Weather/Preview Content\"";
				ENABLE_PREVIEWS = YES;
				GENERATE_INFOPLIST_FILE = YES;
				INFOPLIST_FILE = "Just-Weather-Info.plist";
				INFOPLIST_KEY_CFBundleDisplayName = "Just. Weather.";
				INFOPLIST_KEY_LSApplicationCategoryType = "public.app-category.weather";
				INFOPLIST_KEY_NSLocationAlwaysAndWhenInUseUsageDescription = "Just. Weather. can show weather data for your location in widgets";
				INFOPLIST_KEY_NSLocationWhenInUseUsageDescription = "We need your location to provide accurate weather data";
				INFOPLIST_KEY_UIApplicationSceneManifest_Generation = YES;
				INFOPLIST_KEY_UIApplicationSupportsIndirectInputEvents = YES;
				INFOPLIST_KEY_UILaunchScreen_Generation = YES;
				INFOPLIST_KEY_UISupportedInterfaceOrientations = UIInterfaceOrientationPortrait;
				INFOPLIST_KEY_UISupportedInterfaceOrientations_iPad = "UIInterfaceOrientationLandscapeLeft UIInterfaceOrientationLandscapeRight UIInterfaceOrientationPortrait UIInterfaceOrientationPortraitUpsideDown";
				IPHONEOS_DEPLOYMENT_TARGET = 16.0;
				LD_RUNPATH_SEARCH_PATHS = (
					"$(inherited)",
					"@executable_path/Frameworks",
				);
				MARKETING_VERSION = 1.0;
				PRODUCT_BUNDLE_IDENTIFIER = "com.sam-clemente.just-weather-app";
				PRODUCT_NAME = "$(TARGET_NAME)";
				SUPPORTED_PLATFORMS = "iphoneos iphonesimulator";
				SUPPORTS_MACCATALYST = NO;
				SUPPORTS_MAC_DESIGNED_FOR_IPHONE_IPAD = NO;
				SUPPORTS_XR_DESIGNED_FOR_IPHONE_IPAD = NO;
				SWIFT_EMIT_LOC_STRINGS = YES;
				SWIFT_VERSION = 5.0;
				TARGETED_DEVICE_FAMILY = 1;
			};
			name = Release;
		};
		222F21E82C76B207003D0F1E /* Debug */ = {
			isa = XCBuildConfiguration;
			buildSettings = {
				BUNDLE_LOADER = "$(TEST_HOST)";
				CODE_SIGN_STYLE = Automatic;
				CURRENT_PROJECT_VERSION = 1;
				GENERATE_INFOPLIST_FILE = YES;
				IPHONEOS_DEPLOYMENT_TARGET = 18.1;
				MARKETING_VERSION = 1.0;
				PRODUCT_BUNDLE_IDENTIFIER = "com.sam-clemente.Just-WeatherTests";
				PRODUCT_NAME = "$(TARGET_NAME)";
				SWIFT_EMIT_LOC_STRINGS = NO;
				SWIFT_VERSION = 5.0;
				TARGETED_DEVICE_FAMILY = "1,2";
				TEST_HOST = "$(BUILT_PRODUCTS_DIR)/Just Weather.app/$(BUNDLE_EXECUTABLE_FOLDER_PATH)/Just Weather";
			};
			name = Debug;
		};
		222F21E92C76B207003D0F1E /* Release */ = {
			isa = XCBuildConfiguration;
			buildSettings = {
				BUNDLE_LOADER = "$(TEST_HOST)";
				CODE_SIGN_STYLE = Automatic;
				CURRENT_PROJECT_VERSION = 1;
				GENERATE_INFOPLIST_FILE = YES;
				IPHONEOS_DEPLOYMENT_TARGET = 18.1;
				MARKETING_VERSION = 1.0;
				PRODUCT_BUNDLE_IDENTIFIER = "com.sam-clemente.Just-WeatherTests";
				PRODUCT_NAME = "$(TARGET_NAME)";
				SWIFT_EMIT_LOC_STRINGS = NO;
				SWIFT_VERSION = 5.0;
				TARGETED_DEVICE_FAMILY = "1,2";
				TEST_HOST = "$(BUILT_PRODUCTS_DIR)/Just Weather.app/$(BUNDLE_EXECUTABLE_FOLDER_PATH)/Just Weather";
			};
			name = Release;
		};
		222F21EB2C76B207003D0F1E /* Debug */ = {
			isa = XCBuildConfiguration;
			buildSettings = {
				CODE_SIGN_STYLE = Automatic;
				CURRENT_PROJECT_VERSION = 1;
				GENERATE_INFOPLIST_FILE = YES;
				MARKETING_VERSION = 1.0;
				PRODUCT_BUNDLE_IDENTIFIER = "com.sam-clemente.Just-WeatherUITests";
				PRODUCT_NAME = "$(TARGET_NAME)";
				SWIFT_EMIT_LOC_STRINGS = NO;
				SWIFT_VERSION = 5.0;
				TARGETED_DEVICE_FAMILY = "1,2";
				TEST_TARGET_NAME = "Just Weather";
			};
			name = Debug;
		};
		222F21EC2C76B207003D0F1E /* Release */ = {
			isa = XCBuildConfiguration;
			buildSettings = {
				CODE_SIGN_STYLE = Automatic;
				CURRENT_PROJECT_VERSION = 1;
				GENERATE_INFOPLIST_FILE = YES;
				MARKETING_VERSION = 1.0;
				PRODUCT_BUNDLE_IDENTIFIER = "com.sam-clemente.Just-WeatherUITests";
				PRODUCT_NAME = "$(TARGET_NAME)";
				SWIFT_EMIT_LOC_STRINGS = NO;
				SWIFT_VERSION = 5.0;
				TARGETED_DEVICE_FAMILY = "1,2";
				TEST_TARGET_NAME = "Just Weather";
			};
			name = Release;
		};
		22CEF4CC2C969B82001E83AD /* Debug */ = {
			isa = XCBuildConfiguration;
			buildSettings = {
				ASSETCATALOG_COMPILER_GLOBAL_ACCENT_COLOR_NAME = AccentColor;
				ASSETCATALOG_COMPILER_WIDGET_BACKGROUND_COLOR_NAME = WidgetBackground;
				CODE_SIGN_STYLE = Automatic;
				CURRENT_PROJECT_VERSION = 17;
				GENERATE_INFOPLIST_FILE = YES;
				INFOPLIST_FILE = "Just Weather Open Control/Info.plist";
				INFOPLIST_KEY_CFBundleDisplayName = "Just Weather Open Control";
				INFOPLIST_KEY_NSHumanReadableCopyright = "";
				IPHONEOS_DEPLOYMENT_TARGET = 18.0;
				LD_RUNPATH_SEARCH_PATHS = (
					"$(inherited)",
					"@executable_path/Frameworks",
					"@executable_path/../../Frameworks",
				);
				MARKETING_VERSION = 1.0;
				PRODUCT_BUNDLE_IDENTIFIER = "com.sam-clemente.just-weather-app.Just-Weather-Open-Control";
				PRODUCT_NAME = "$(TARGET_NAME)";
				SKIP_INSTALL = YES;
				SUPPORTED_PLATFORMS = "iphoneos iphonesimulator";
				SUPPORTS_MACCATALYST = NO;
				SUPPORTS_MAC_DESIGNED_FOR_IPHONE_IPAD = NO;
				SUPPORTS_XR_DESIGNED_FOR_IPHONE_IPAD = NO;
				SWIFT_EMIT_LOC_STRINGS = YES;
				SWIFT_VERSION = 5.0;
				TARGETED_DEVICE_FAMILY = 1;
			};
			name = Debug;
		};
		22CEF4CD2C969B82001E83AD /* Release */ = {
			isa = XCBuildConfiguration;
			buildSettings = {
				ASSETCATALOG_COMPILER_GLOBAL_ACCENT_COLOR_NAME = AccentColor;
				ASSETCATALOG_COMPILER_WIDGET_BACKGROUND_COLOR_NAME = WidgetBackground;
				CODE_SIGN_STYLE = Automatic;
				CURRENT_PROJECT_VERSION = 17;
				GENERATE_INFOPLIST_FILE = YES;
				INFOPLIST_FILE = "Just Weather Open Control/Info.plist";
				INFOPLIST_KEY_CFBundleDisplayName = "Just Weather Open Control";
				INFOPLIST_KEY_NSHumanReadableCopyright = "";
				IPHONEOS_DEPLOYMENT_TARGET = 18.0;
				LD_RUNPATH_SEARCH_PATHS = (
					"$(inherited)",
					"@executable_path/Frameworks",
					"@executable_path/../../Frameworks",
				);
				MARKETING_VERSION = 1.0;
				PRODUCT_BUNDLE_IDENTIFIER = "com.sam-clemente.just-weather-app.Just-Weather-Open-Control";
				PRODUCT_NAME = "$(TARGET_NAME)";
				SKIP_INSTALL = YES;
				SUPPORTED_PLATFORMS = "iphoneos iphonesimulator";
				SUPPORTS_MACCATALYST = NO;
				SUPPORTS_MAC_DESIGNED_FOR_IPHONE_IPAD = NO;
				SUPPORTS_XR_DESIGNED_FOR_IPHONE_IPAD = NO;
				SWIFT_EMIT_LOC_STRINGS = YES;
				SWIFT_VERSION = 5.0;
				TARGETED_DEVICE_FAMILY = 1;
			};
			name = Release;
		};
/* End XCBuildConfiguration section */

/* Begin XCConfigurationList section */
		222F21BB2C76B206003D0F1E /* Build configuration list for PBXProject "Just Weather" */ = {
			isa = XCConfigurationList;
			buildConfigurations = (
				222F21E22C76B207003D0F1E /* Debug */,
				222F21E32C76B207003D0F1E /* Release */,
			);
			defaultConfigurationIsVisible = 0;
			defaultConfigurationName = Release;
		};
		222F21E42C76B207003D0F1E /* Build configuration list for PBXNativeTarget "Just Weather" */ = {
			isa = XCConfigurationList;
			buildConfigurations = (
				222F21E52C76B207003D0F1E /* Debug */,
				222F21E62C76B207003D0F1E /* Release */,
			);
			defaultConfigurationIsVisible = 0;
			defaultConfigurationName = Release;
		};
		222F21E72C76B207003D0F1E /* Build configuration list for PBXNativeTarget "Just WeatherTests" */ = {
			isa = XCConfigurationList;
			buildConfigurations = (
				222F21E82C76B207003D0F1E /* Debug */,
				222F21E92C76B207003D0F1E /* Release */,
			);
			defaultConfigurationIsVisible = 0;
			defaultConfigurationName = Release;
		};
		222F21EA2C76B207003D0F1E /* Build configuration list for PBXNativeTarget "Just WeatherUITests" */ = {
			isa = XCConfigurationList;
			buildConfigurations = (
				222F21EB2C76B207003D0F1E /* Debug */,
				222F21EC2C76B207003D0F1E /* Release */,
			);
			defaultConfigurationIsVisible = 0;
			defaultConfigurationName = Release;
		};
		22CEF4CB2C969B82001E83AD /* Build configuration list for PBXNativeTarget "Just Weather Open ControlExtension" */ = {
			isa = XCConfigurationList;
			buildConfigurations = (
				22CEF4CC2C969B82001E83AD /* Debug */,
				22CEF4CD2C969B82001E83AD /* Release */,
			);
			defaultConfigurationIsVisible = 0;
			defaultConfigurationName = Release;
		};
/* End XCConfigurationList section */

/* Begin XCRemoteSwiftPackageReference section */
		22EECEF92F9059E8004726D7 /* XCRemoteSwiftPackageReference "purchases-ios-spm" */ = {
			isa = XCRemoteSwiftPackageReference;
			repositoryURL = "https://github.com/RevenueCat/purchases-ios-spm.git";
			requirement = {
				kind = upToNextMajorVersion;
				minimumVersion = 5.67.2;
			};
		};
/* End XCRemoteSwiftPackageReference section */

/* Begin XCSwiftPackageProductDependency section */
		22EECEFA2F9059E8004726D7 /* RevenueCat */ = {
			isa = XCSwiftPackageProductDependency;
			package = 22EECEF92F9059E8004726D7 /* XCRemoteSwiftPackageReference "purchases-ios-spm" */;
			productName = RevenueCat;
		};
		22EECEFC2F9059E8004726D7 /* RevenueCatUI */ = {
			isa = XCSwiftPackageProductDependency;
			package = 22EECEF92F9059E8004726D7 /* XCRemoteSwiftPackageReference "purchases-ios-spm" */;
			productName = RevenueCatUI;
		};
/* End XCSwiftPackageProductDependency section */
	};
	rootObject = 222F21B82C76B206003D0F1E /* Project object */;
}
